
Microsoft Visual Studio Solution File, Format Version 12.00
# Visual Studio 15
VisualStudioVersion = 15.0.28307.168
MinimumVisualStudioVersion = 10.0.40219.1
Project("{FAE04EC0-301F-11D3-BF4B-00C04F79EFBC}") = "TAccountGen", "TAccountGen\TAccountGen.csproj", "{82489962-6E69-4884-83BC-D85956AE7E47}"
EndProject
Global
	GlobalSection(SolutionConfigurationPlatforms) = preSolution
		Debug|Any CPU = Debug|Any CPU
		Release|Any CPU = Release|Any CPU
	EndGlobalSection
	GlobalSection(ProjectConfigurationPlatforms) = postSolution
		{82489962-6E69-4884-83BC-D85956AE7E47}.Debug|Any CPU.ActiveCfg = Debug|Any CPU
		{82489962-6E69-4884-83BC-D85956AE7E47}.Debug|Any CPU.Build.0 = Debug|Any CPU
		{82489962-6E69-4884-83BC-D85956AE7E47}.Release|Any CPU.ActiveCfg = Release|Any CPU
		{82489962-6E69-4884-83BC-D85956AE7E47}.Release|Any CPU.Build.0 = Release|Any CPU
	EndGlobalSection
	GlobalSection(SolutionProperties) = preSolution
		HideSolutionNode = FALSE
	EndGlobalSection
	GlobalSection(ExtensibilityGlobals) = postSolution
		SolutionGuid = {5A84E785-2A51-4CFC-8B4D-C4CF18EBF216}
	EndGlobalSection
EndGlobal
